
Microsoft Visual Studio Solution File, Format Version 12.00
# Visual Studio Version 17
VisualStudioVersion = 17.0.31903.59
MinimumVisualStudioVersion = 10.0.40219.1
Project("{FAE04EC0-301F-11D3-BF4B-00C04F79EFBC}") = "day1", "day1\day1.csproj", "{65A17490-ED01-428B-83BE-710516186790}"
EndProject
Project("{FAE04EC0-301F-11D3-BF4B-00C04F79EFBC}") = "day2", "day2\day2.csproj", "{F71C9742-78B0-4817-85CB-98F0125E8838}"
EndProject
Project("{FAE04EC0-301F-11D3-BF4B-00C04F79EFBC}") = "day3", "day3\day3.csproj", "{1E7906F3-6A5C-411F-AC06-487DC49B32D2}"
EndProject
Project("{FAE04EC0-301F-11D3-BF4B-00C04F79EFBC}") = "day4", "day4\day4.csproj", "{948F7188-C06B-4FF7-A5C5-0E80BFF67ED3}"
EndProject
Global
	GlobalSection(SolutionConfigurationPlatforms) = preSolution
		Debug|Any CPU = Debug|Any CPU
		Release|Any CPU = Release|Any CPU
	EndGlobalSection
	GlobalSection(ProjectConfigurationPlatforms) = postSolution
		{65A17490-ED01-428B-83BE-710516186790}.Debug|Any CPU.ActiveCfg = Debug|Any CPU
		{65A17490-ED01-428B-83BE-710516186790}.Debug|Any CPU.Build.0 = Debug|Any CPU
		{65A17490-ED01-428B-83BE-710516186790}.Release|Any CPU.ActiveCfg = Release|Any CPU
		{65A17490-ED01-428B-83BE-710516186790}.Release|Any CPU.Build.0 = Release|Any CPU
		{F71C9742-78B0-4817-85CB-98F0125E8838}.Debug|Any CPU.ActiveCfg = Debug|Any CPU
		{F71C9742-78B0-4817-85CB-98F0125E8838}.Debug|Any CPU.Build.0 = Debug|Any CPU
		{F71C9742-78B0-4817-85CB-98F0125E8838}.Release|Any CPU.ActiveCfg = Release|Any CPU
		{F71C9742-78B0-4817-85CB-98F0125E8838}.Release|Any CPU.Build.0 = Release|Any CPU
		{1E7906F3-6A5C-411F-AC06-487DC49B32D2}.Debug|Any CPU.ActiveCfg = Debug|Any CPU
		{1E7906F3-6A5C-411F-AC06-487DC49B32D2}.Debug|Any CPU.Build.0 = Debug|Any CPU
		{1E7906F3-6A5C-411F-AC06-487DC49B32D2}.Release|Any CPU.ActiveCfg = Release|Any CPU
		{1E7906F3-6A5C-411F-AC06-487DC49B32D2}.Release|Any CPU.Build.0 = Release|Any CPU
		{948F7188-C06B-4FF7-A5C5-0E80BFF67ED3}.Debug|Any CPU.ActiveCfg = Debug|Any CPU
		{948F7188-C06B-4FF7-A5C5-0E80BFF67ED3}.Debug|Any CPU.Build.0 = Debug|Any CPU
		{948F7188-C06B-4FF7-A5C5-0E80BFF67ED3}.Release|Any CPU.ActiveCfg = Release|Any CPU
		{948F7188-C06B-4FF7-A5C5-0E80BFF67ED3}.Release|Any CPU.Build.0 = Release|Any CPU
	EndGlobalSection
	GlobalSection(SolutionProperties) = preSolution
		HideSolutionNode = FALSE
	EndGlobalSection
EndGlobal
